PODS:
  - AFNetworking (4.0.1):
    - AFNetworking/NSURLSession (= 4.0.1)
    - AFNetworking/Reachability (= 4.0.1)
    - AFNetworking/Security (= 4.0.1)
    - AFNetworking/Serialization (= 4.0.1)
    - AFNetworking/UIKit (= 4.0.1)
  - AFNetworking/NSURLSession (4.0.1):
    - AFNetworking/Reachability
    - AFNetworking/Security
    - AFNetworking/Serialization
  - AFNetworking/Reachability (4.0.1)
  - AFNetworking/Security (4.0.1)
  - AFNetworking/Serialization (4.0.1)
  - AFNetworking/UIKit (4.0.1):
    - AFNetworking/NSURLSession
  - CocoaLumberjack (3.7.2):
    - CocoaLumberjack/Core (= 3.7.2)
  - CocoaLumberjack/Core (3.7.2)
  - HSBase (0.0.1):
    - HSCategorys
    - HSCommon
    - HSTools/MessageForwardTool
    - HSTools/VisitorTool
    - HSUserInfo
    - HSVendors
    - Masonry (~> 1.1.0)
    - ReactiveObjC (~> 3.1.1)
    - TABAnimated (~> 2.5.9)
  - HSBaseRequest (0.0.1):
    - HSCategorys
    - HSCommon
    - HSKit/HSUUID
    - HSNetwork
    - HSOpenInstallHandler
    - HSUserInfo
    - MJExtension (~> 3.3.0)
    - ReactiveObjC (~> 3.1.1)
  - HSCategorys (0.0.1):
    - HSCommon
    - Masonry (~> 1.1.0)
    - ReactiveObjC (~> 3.1.1)
    - SDWebImage (~> 5.11.1)
    - SVGKit (~> 3.0.0)
    - YYKit (~> 1.0.9)
  - HSCommon (0.0.1)
  - HSKit/HSCache (0.0.1):
    - YYKit (~> 1.0.9)
  - HSKit/HSLock (0.0.1)
  - HSKit/HSSimpleDelegateModel (0.0.1):
    - HSBase
    - HSCategorys
    - HSCommon
    - ReactiveObjC (~> 3.1.1)
  - HSKit/HSUUID (0.0.1):
    - HSCategorys
    - HSCommon
    - SAMKeychain (~> 1.5.3)
  - HSMediator (0.0.1)
  - HSModuleMediator/Login (0.0.1):
    - HSMediator
  - HSNetwork (0.0.1):
    - AFNetworking (~> 4.0.1)
    - HSCommon
    - HSKit/HSCache
    - HSKit/HSLock
    - MJExtension (~> 3.3.0)
    - ReactiveObjC (~> 3.1.1)
    - YYKit (~> 1.0.9)
  - HSOpenInstallHandler (0.0.1):
    - HSCategorys
    - libOpenInstallSDK (~> 2.5.4.1)
    - MJExtension (~> 3.3.0)
    - ReactiveObjC (~> 3.1.1)
  - HSTools/MessageForwardTool (0.0.1):
    - ReactiveObjC (~> 3.1.1)
  - HSTools/VisitorTool (0.0.1):
    - HSModuleMediator/Login
    - HSUserInfo
  - HSUIComponents/HSRefresh (0.0.1):
    - HSCategorys
    - HSCommon
    - lottie-ios (~> 2.5.3)
    - MJRefresh
  - HSUIComponents/MBManager (0.0.1):
    - HSCategorys
    - MBProgressHUD
  - HSUserInfo (0.0.1):
    - MJExtension (~> 3.3.0)
  - HSVendors (0.0.1)
  - libOpenInstallSDK (2.5.4.1)
  - lottie-ios (2.5.3)
  - Masonry (1.1.0)
  - MBProgressHUD (1.2.0)
  - MJExtension (3.3.0)
  - MJRefresh (3.7.2)
  - ReactiveObjC (3.1.1)
  - RxCocoa (6.2.0):
    - RxRelay (= 6.2.0)
    - RxSwift (= 6.2.0)
  - RxRelay (6.2.0):
    - RxSwift (= 6.2.0)
  - RxSwift (6.2.0)
  - SAMKeychain (1.5.3)
  - SDWebImage (5.11.1):
    - SDWebImage/Core (= 5.11.1)
  - SDWebImage/Core (5.11.1)
  - SnapKit (5.0.1)
  - SVGKit (3.0.0):
    - CocoaLumberjack (~> 3.0)
  - TABAnimated (2.5.9)
  - YYKit (1.0.9):
    - YYKit/no-arc (= 1.0.9)
  - YYKit/no-arc (1.0.9)

DEPENDENCIES:
  - HSBase (from `../zykeji/HSPrivatePods/HSBase`)
  - HSBaseRequest (from `../zykeji/HSPrivatePods/HSBaseRequest`)
  - HSCategorys (from `../zykeji/HSPrivatePods/HSCategorys`)
  - HSCommon (from `../zykeji/HSPrivatePods/HSCommon`)
  - HSKit/HSLock (from `../zykeji/HSPrivatePods/HSKit`)
  - HSKit/HSSimpleDelegateModel (from `../zykeji/HSPrivatePods/HSKit`)
  - HSMediator (from `../zykeji/HSPrivatePods/HSMediator`)
  - HSModuleMediator/Login (from `../zykeji/HSPrivatePods/HSModuleMediator`)
  - HSNetwork (from `../zykeji/HSPrivatePods/HSNetwork`)
  - HSOpenInstallHandler (from `../zykeji/HSPrivatePods/HSOpenInstallHandler`)
  - HSTools/VisitorTool (from `../zykeji/HSPrivatePods/HSTools`)
  - HSUIComponents/HSRefresh (from `../zykeji/HSPrivatePods/HSUIComponents`)
  - HSUIComponents/MBManager (from `../zykeji/HSPrivatePods/HSUIComponents`)
  - HSUserInfo (from `../zykeji/HSPrivatePods/HSUserInfo`)
  - HSVendors (from `../zykeji/HSPrivatePods/HSVendors`)
  - RxCocoa
  - RxSwift
  - SnapKit

SPEC REPOS:
  trunk:
    - AFNetworking
    - CocoaLumberjack
    - libOpenInstallSDK
    - lottie-ios
    - Masonry
    - MBProgressHUD
    - MJExtension
    - MJRefresh
    - ReactiveObjC
    - RxCocoa
    - RxRelay
    - RxSwift
    - SAMKeychain
    - SDWebImage
    - SnapKit
    - SVGKit
    - TABAnimated
    - YYKit

EXTERNAL SOURCES:
  HSBase:
    :path: "../zykeji/HSPrivatePods/HSBase"
  HSBaseRequest:
    :path: "../zykeji/HSPrivatePods/HSBaseRequest"
  HSCategorys:
    :path: "../zykeji/HSPrivatePods/HSCategorys"
  HSCommon:
    :path: "../zykeji/HSPrivatePods/HSCommon"
  HSKit:
    :path: "../zykeji/HSPrivatePods/HSKit"
  HSMediator:
    :path: "../zykeji/HSPrivatePods/HSMediator"
  HSModuleMediator:
    :path: "../zykeji/HSPrivatePods/HSModuleMediator"
  HSNetwork:
    :path: "../zykeji/HSPrivatePods/HSNetwork"
  HSOpenInstallHandler:
    :path: "../zykeji/HSPrivatePods/HSOpenInstallHandler"
  HSTools:
    :path: "../zykeji/HSPrivatePods/HSTools"
  HSUIComponents:
    :path: "../zykeji/HSPrivatePods/HSUIComponents"
  HSUserInfo:
    :path: "../zykeji/HSPrivatePods/HSUserInfo"
  HSVendors:
    :path: "../zykeji/HSPrivatePods/HSVendors"

SPEC CHECKSUMS:
  AFNetworking: 7864c38297c79aaca1500c33288e429c3451fdce
  CocoaLumberjack: b7e05132ff94f6ae4dfa9d5bce9141893a21d9da
  HSBase: f179804baa03ee82050b2963391f1da037544f7f
  HSBaseRequest: da1bf799ca1509a160675c75b2ebddbf26425d9d
  HSCategorys: d976c6d4e06aabeb5724fa5b385b10597454a1e0
  HSCommon: df3c7052fea2b877d483431882aed8e43a7694c7
  HSKit: ce685ff3964ac4c3c43d0e36e6c427986f74529f
  HSMediator: 6e4c93aeb622a18bc806f3ea5614aa86155b9b09
  HSModuleMediator: d57e63d407e082322a50fa17aa8dda8c9450c6e0
  HSNetwork: 4b47dc681348825869ad18fb656f4617b702cb2a
  HSOpenInstallHandler: 242662f9e78853d222cee8fc652fd385f8fd03b6
  HSTools: 3874bf21e818a91d35c6ce971b0f9c0c19eea33e
  HSUIComponents: 1ab605a14e0de5ecd2add03d1fa0d87e0a7526de
  HSUserInfo: 604dd62f9d591b03102306c2ec4be961c287170b
  HSVendors: 18818fc13885ee2a98bd4402e863e061ae3f413e
  libOpenInstallSDK: b7b2e92256d845d6e74a76c144c4d65ddf57c06d
  lottie-ios: a50d5c0160425cd4b01b852bb9578963e6d92d31
  Masonry: 678fab65091a9290e40e2832a55e7ab731aad201
  MBProgressHUD: 3ee5efcc380f6a79a7cc9b363dd669c5e1ae7406
  MJExtension: 01704cca2b60a214c10761b6491eab74069d68a9
  MJRefresh: 30997d30b347c8e9508a4db11e3a690da0c9b85a
  ReactiveObjC: 011caa393aa0383245f2dcf9bf02e86b80b36040
  RxCocoa: 4baf94bb35f2c0ab31bc0cb9f1900155f646ba42
  RxRelay: e72dbfd157807478401ef1982e1c61c945c94b2f
  RxSwift: d356ab7bee873611322f134c5f9ef379fa183d8f
  SAMKeychain: 483e1c9f32984d50ca961e26818a534283b4cd5c
  SDWebImage: a7f831e1a65eb5e285e3fb046a23fcfbf08e696d
  SnapKit: 97b92857e3df3a0c71833cce143274bf6ef8e5eb
  SVGKit: 1ad7513f8c74d9652f94ed64ddecda1a23864dea
  TABAnimated: 8d077a20de46de0c7744c665cd56aae28c49d397
  YYKit: 7cda43304a8dc3696c449041e2cb3107b4e236e7

PODFILE CHECKSUM: 41f5c77a8ee8afee60f96a0cc1b63aba841a4bf7

COCOAPODS: 1.11.2
